# This file is automatically @generated by pesde.
# It is not intended for manual editing.
format = 2
name = "ewdev/darklua_build"
version = "0.1.2"
target = "lune"

[graph."jiwonz/dirs@0.6.0 lune"]
direct = ["dirs", { name = "jiwonz/dirs", version = "^0.6.0", index = "default" }, "standard"]

[graph."jiwonz/dirs@0.6.0 lune".dependencies]
greentea = ["jiwonz/greentea_luau@0.2.0 luau", "standard"]
pathfs = ["jiwonz/pathfs@0.6.0 lune", "standard"]

[graph."jiwonz/dirs@0.6.0 lune".pkg_ref]
ref_ty = "pesde"
index_url = "https://github.com/pesde-pkg/index"

[graph."jiwonz/dirs@0.6.0 lune".pkg_ref.dependencies]
greentea = [{ name = "jiwonz/greentea_luau", version = "^0.2.0", index = "https://github.com/pesde-pkg/index", target = "luau" }, "standard"]
pathfs = [{ name = "jiwonz/pathfs", version = "^0.6.0", index = "https://github.com/pesde-pkg/index" }, "standard"]

[graph."jiwonz/glob@0.2.0 lune"]
direct = ["glob", { name = "jiwonz/glob", version = "^0.2.0", index = "default" }, "standard"]

[graph."jiwonz/glob@0.2.0 lune".dependencies]
globrex_lune = ["kimpure/globrex_lune@0.2.9 lune", "standard"]
pathfs = ["jiwonz/pathfs@0.6.0 lune", "standard"]

[graph."jiwonz/glob@0.2.0 lune".pkg_ref]
ref_ty = "pesde"
index_url = "https://github.com/pesde-pkg/index"

[graph."jiwonz/glob@0.2.0 lune".pkg_ref.dependencies]
globrex_lune = [{ name = "kimpure/globrex_lune", version = "^0.2.9", index = "https://github.com/pesde-pkg/index" }, "standard"]
pathfs = [{ name = "jiwonz/pathfs", version = "^0.6.0", index = "https://github.com/pesde-pkg/index" }, "standard"]

[graph."jiwonz/greentea_luau@0.2.0 luau".pkg_ref]
ref_ty = "pesde"
index_url = "https://github.com/pesde-pkg/index"

[graph."jiwonz/luau_disk@0.2.0 luau".pkg_ref]
ref_ty = "pesde"
index_url = "https://github.com/pesde-pkg/index"

[graph."jiwonz/luau_path@0.2.0 luau".dependencies]
luau_disk = ["jiwonz/luau_disk@0.2.0 luau", "standard"]

[graph."jiwonz/luau_path@0.2.0 luau".pkg_ref]
ref_ty = "pesde"
index_url = "https://github.com/pesde-pkg/index"

[graph."jiwonz/luau_path@0.2.0 luau".pkg_ref.dependencies]
luau_disk = [{ name = "jiwonz/luau_disk", version = "^0.2.0", index = "https://github.com/pesde-pkg/index" }, "standard"]

[graph."jiwonz/luau_regexp@0.1.3 luau".pkg_ref]
ref_ty = "pesde"
index_url = "https://github.com/pesde-pkg/index"

[graph."jiwonz/pathfs@0.6.0 lune"]
direct = ["pathfs", { name = "jiwonz/pathfs", version = "^0.6.0", index = "default" }, "standard"]

[graph."jiwonz/pathfs@0.6.0 lune".dependencies]
greentea = ["jiwonz/greentea_luau@0.2.0 luau", "standard"]
luau_path = ["jiwonz/luau_path@0.2.0 luau", "standard"]

[graph."jiwonz/pathfs@0.6.0 lune".pkg_ref]
ref_ty = "pesde"
index_url = "https://github.com/pesde-pkg/index"

[graph."jiwonz/pathfs@0.6.0 lune".pkg_ref.dependencies]
frktest = [{ name = "itsfrank/frktest", version = "^0.0.4", index = "https://github.com/pesde-pkg/index", target = "luau" }, "dev"]
greentea = [{ name = "jiwonz/greentea_luau", version = "^0.2.0", index = "https://github.com/pesde-pkg/index", target = "luau" }, "standard"]
luau_path = [{ name = "jiwonz/luau_path", version = "^0.2.0", index = "https://github.com/pesde-pkg/index", target = "luau" }, "standard"]

[graph."kimpure/globrex_lune@0.2.9 lune".dependencies]
luau_regexp = ["jiwonz/luau_regexp@0.1.3 luau", "standard"]

[graph."kimpure/globrex_lune@0.2.9 lune".pkg_ref]
ref_ty = "pesde"
index_url = "https://github.com/pesde-pkg/index"

[graph."kimpure/globrex_lune@0.2.9 lune".pkg_ref.dependencies]
luau_check = [{ name = "jiwonz/luau_check", version = "^0.2.2", index = "https://github.com/pesde-pkg/index" }, "dev"]
luau_lsp = [{ name = "pesde/luau_lsp", version = "^1.38.1", index = "https://github.com/pesde-pkg/index" }, "dev"]
luau_regexp = [{ name = "jiwonz/luau_regexp", version = "^0.1.0", index = "https://github.com/pesde-pkg/index", target = "luau" }, "standard"]
selene = [{ name = "pesde/selene", version = "^0.27.1", index = "https://github.com/pesde-pkg/index" }, "dev"]
stylua = [{ name = "pesde/stylua", version = "^2.0.2", index = "https://github.com/pesde-pkg/index" }, "dev"]

[graph."lukadev_0/option@1.2.1 lune"]
direct = ["option", { name = "lukadev_0/option", version = "^1.2.1", index = "default" }, "standard"]

[graph."lukadev_0/option@1.2.1 lune".pkg_ref]
ref_ty = "pesde"
index_url = "https://github.com/pesde-pkg/index"

[graph."lukadev_0/result@1.2.1 lune"]
direct = ["result", { name = "lukadev_0/result", version = "^1.2.1", index = "default" }, "standard"]

[graph."lukadev_0/result@1.2.1 lune".pkg_ref]
ref_ty = "pesde"
index_url = "https://github.com/pesde-pkg/index"
